<?xml version="1.0" encoding="utf-8"?>
<Project ToolsVersion="4.0" xmlns="http://schemas.microsoft.com/developer/msbuild/2003">
  <ItemGroup>
    <Filter Include="Source Files">
      <UniqueIdentifier>{4FC737F1-C7A5-4376-A066-2A32D752A2FF}</UniqueIdentifier>
      <Extensions>cpp;c;cxx;def;odl;idl;hpj;bat;asm;asmx</Extensions>
    </Filter>
    <Filter Include="Header Files">
      <UniqueIdentifier>{93995380-89BD-4b04-88EB-625FBE52EBFB}</UniqueIdentifier>
      <Extensions>h;hpp;hxx;hm;inl;inc;xsd</Extensions>
    </Filter>
    <Filter Include="Resource Files">
      <UniqueIdentifier>{67DA6AB6-F800-4c08-8B7A-83BB121AAD01}</UniqueIdentifier>
      <Extensions>rc;ico;cur;bmp;dlg;rc2;rct;bin;rgs;gif;jpg;jpeg;jpe;resx</Extensions>
    </Filter>
    <Filter Include="settings">
      <UniqueIdentifier>{556246d7-96ce-4f8f-8296-1e382059bc80}</UniqueIdentifier>
    </Filter>
    <Filter Include="settings\proppage">
      <UniqueIdentifier>{cd68d952-60f6-4c22-afa3-93ed72cdd59b}</UniqueIdentifier>
    </Filter>
    <Filter Include="settings\staticprop">
      <UniqueIdentifier>{7dd5a4aa-9654-4bd5-9950-dbc69d57e016}</UniqueIdentifier>
    </Filter>
  </ItemGroup>
  <ItemGroup>
    <ClCompile Include="MainFrm.cpp">
      <Filter>Source Files</Filter>
    </ClCompile>
    <ClCompile Include="Render.cpp">
      <Filter>Source Files</Filter>
    </ClCompile>
    <ClCompile Include="stdafx.cpp">
      <Filter>Source Files</Filter>
    </ClCompile>
    <ClCompile Include="settings\ColorStatic.cpp">
      <Filter>settings</Filter>
    </ClCompile>
    <ClCompile Include="settings\GuiPropertyBag.cpp">
      <Filter>settings</Filter>
    </ClCompile>
    <ClCompile Include="settings\proppage\GeometryPage.cpp">
      <Filter>settings\proppage</Filter>
    </ClCompile>
    <ClCompile Include="settings\proppage\LightPage.cpp">
      <Filter>settings\proppage</Filter>
    </ClCompile>
    <ClCompile Include="settings\proppage\RotateScalePage.cpp">
      <Filter>settings\proppage</Filter>
    </ClCompile>
    <ClCompile Include="RenderView.cpp">
      <Filter>Source Files</Filter>
    </ClCompile>
    <ClCompile Include="settings\PropertyMapImpl.cpp">
      <Filter>settings</Filter>
    </ClCompile>
    <ClCompile Include="GdIDeviceContext.cpp">
      <Filter>Source Files</Filter>
    </ClCompile>
    <ClCompile Include="..\RenderLinux\PropertyMapImpl.cpp">
      <Filter>settings\staticprop</Filter>
    </ClCompile>
  </ItemGroup>
  <ItemGroup>
    <ClInclude Include="MainFrm.h">
      <Filter>Header Files</Filter>
    </ClInclude>
    <ClInclude Include="MemDC.h">
      <Filter>Header Files</Filter>
    </ClInclude>
    <ClInclude Include="Render.h">
      <Filter>Header Files</Filter>
    </ClInclude>
    <ClInclude Include="Resource.h">
      <Filter>Header Files</Filter>
    </ClInclude>
    <ClInclude Include="stdafx.h">
      <Filter>Header Files</Filter>
    </ClInclude>
    <ClInclude Include="settings\ColorStatic.h">
      <Filter>settings</Filter>
    </ClInclude>
    <ClInclude Include="settings\GuiPropertyBag.h">
      <Filter>settings</Filter>
    </ClInclude>
    <ClInclude Include="settings\proppage\GeometryPage.h">
      <Filter>settings\proppage</Filter>
    </ClInclude>
    <ClInclude Include="settings\proppage\LightPage.h">
      <Filter>settings\proppage</Filter>
    </ClInclude>
    <ClInclude Include="settings\proppage\RotateScalePage.h">
      <Filter>settings\proppage</Filter>
    </ClInclude>
    <ClInclude Include="settings\proppage\SliderToText.h">
      <Filter>settings\proppage</Filter>
    </ClInclude>
    <ClInclude Include="RenderView.h">
      <Filter>Header Files</Filter>
    </ClInclude>
    <ClInclude Include="settings\PropertyMapImpl.h">
      <Filter>settings</Filter>
    </ClInclude>
    <ClInclude Include="GdiDeviceContext.h">
      <Filter>Header Files</Filter>
    </ClInclude>
    <ClInclude Include="..\RenderLinux\PropertyMapImpl.h">
      <Filter>settings\staticprop</Filter>
    </ClInclude>
  </ItemGroup>
  <ItemGroup>
    <Image Include="res\Render.ico">
      <Filter>Resource Files</Filter>
    </Image>
    <Image Include="res\RenderDoc.ico">
      <Filter>Resource Files</Filter>
    </Image>
    <Image Include="res\Toolbar.bmp">
      <Filter>Resource Files</Filter>
    </Image>
  </ItemGroup>
  <ItemGroup>
    <Manifest Include="res\Render.manifest">
      <Filter>Resource Files</Filter>
    </Manifest>
  </ItemGroup>
  <ItemGroup>
    <ResourceCompile Include="Render.rc">
      <Filter>Resource Files</Filter>
    </ResourceCompile>
  </ItemGroup>
  <ItemGroup>
    <None Include="res\Render.rc2">
      <Filter>Resource Files</Filter>
    </None>
  </ItemGroup>
</Project>